# This file is generated by running "yarn install" inside your project.
# Manual changes might be lost - proceed with caution!

__metadata:
  version: 4
  cacheKey: 7

"@algolia/cache-browser-local-storage@npm:4.8.6":
  version: 4.8.6
  resolution: "@algolia/cache-browser-local-storage@npm:4.8.6"
  dependencies:
    "@algolia/cache-common": 4.8.6
  checksum: 1fc20e9460fe2958b7fdfbb2751807e892323b9c5040659578e421b15a16a9cdd5c197b6820686bc21ac636f34fe800885feca023eb2223678f7260f78e0166c
  languageName: node
  linkType: hard

"@algolia/cache-common@npm:4.8.6":
  version: 4.8.6
  resolution: "@algolia/cache-common@npm:4.8.6"
  checksum: f786af09c11b72726e652e6c95cc9e7e9cabb27b00f8b8ce41595d653268da6b8114972b898efea870339e7d05ffe53f3cf093e89eea65458d667c8f842abdc8
  languageName: node
  linkType: hard

"@algolia/cache-in-memory@npm:4.8.6":
  version: 4.8.6
  resolution: "@algolia/cache-in-memory@npm:4.8.6"
  dependencies:
    "@algolia/cache-common": 4.8.6
  checksum: edf10d5fb68256471d63633d16f49e1dfc2933545c8db85c9153edd5d1e27439eaaa19a843b15b2f3e60871e6cd1e51cf88638e2bda532755078c7839c5158e1
  languageName: node
  linkType: hard

"@algolia/client-account@npm:4.8.6":
  version: 4.8.6
  resolution: "@algolia/client-account@npm:4.8.6"
  dependencies:
    "@algolia/client-common": 4.8.6
    "@algolia/client-search": 4.8.6
    "@algolia/transporter": 4.8.6
  checksum: 2cfaa03781330914e2352190394242ae682280d9d842214e525f2918140ce4bde42168d2260205d7ba712e0977f79f7477f4e85edb9c6da082dc4c4ed9688f80
  languageName: node
  linkType: hard

"@algolia/client-analytics@npm:4.8.6":
  version: 4.8.6
  resolution: "@algolia/client-analytics@npm:4.8.6"
  dependencies:
    "@algolia/client-common": 4.8.6
    "@algolia/client-search": 4.8.6
    "@algolia/requester-common": 4.8.6
    "@algolia/transporter": 4.8.6
  checksum: 12c71f85f5ac33c529cb99782217994e6986b70bafa205004861cf49b5d9041771e960170a8a9e9b435c0825c96805271f772b1625cf1bd70a7b01c35b61801e
  languageName: node
  linkType: hard

"@algolia/client-common@npm:4.8.6":
  version: 4.8.6
  resolution: "@algolia/client-common@npm:4.8.6"
  dependencies:
    "@algolia/requester-common": 4.8.6
    "@algolia/transporter": 4.8.6
  checksum: e84ae37c9ee8462d791d61c8849253181bd4ad72319b0f2f996e45dbd58e75ef332855d52e028637b7905084ad18dfb1ce002620fa5cf53af398f1c3c6358712
  languageName: node
  linkType: hard

"@algolia/client-recommendation@npm:4.8.6":
  version: 4.8.6
  resolution: "@algolia/client-recommendation@npm:4.8.6"
  dependencies:
    "@algolia/client-common": 4.8.6
    "@algolia/requester-common": 4.8.6
    "@algolia/transporter": 4.8.6
  checksum: 87c90eee288e5f526eb7d7fcd59565a660e859b0fd3655b101e1c9c5daabfe3adf88a8506411fbd3fc1a83ee116ba291f4e5df51ebee654c1ff9f9a0d3f7dddd
  languageName: node
  linkType: hard

"@algolia/client-search@npm:4.8.6":
  version: 4.8.6
  resolution: "@algolia/client-search@npm:4.8.6"
  dependencies:
    "@algolia/client-common": 4.8.6
    "@algolia/requester-common": 4.8.6
    "@algolia/transporter": 4.8.6
  checksum: 34c2a5f577cf159aed581d79bd5bc32ff3edd4dbd195ef25fa3becfc3f130a10ffacf8f3bca1c60c8f0c56771918aed43aa5f2257e06955adad40b949e099fc3
  languageName: node
  linkType: hard

"@algolia/logger-common@npm:4.8.6":
  version: 4.8.6
  resolution: "@algolia/logger-common@npm:4.8.6"
  checksum: 3d45ad85a7fafce737a81695f8851dd7e850a8f595ccccfb8bab0d0f270287aa9d7e1293dd95634a9d856a96600320f1847bf7c78ff47141a2211f84914d6183
  languageName: node
  linkType: hard

"@algolia/logger-console@npm:4.8.6":
  version: 4.8.6
  resolution: "@algolia/logger-console@npm:4.8.6"
  dependencies:
    "@algolia/logger-common": 4.8.6
  checksum: 265ab116e723b1eb9bcf4d6781939ed85119998d2ffa9daadad2ba91324f93f94662307f4ca46c80587164ffd6ef196d47f0159e7ffb217e5dafa5e441756c05
  languageName: node
  linkType: hard

"@algolia/requester-browser-xhr@npm:4.8.6":
  version: 4.8.6
  resolution: "@algolia/requester-browser-xhr@npm:4.8.6"
  dependencies:
    "@algolia/requester-common": 4.8.6
  checksum: 3fc52cfe6f2b4e9deb931aa2f9fad1ae61b29a8eee61e81bd514e185c10d82882330c2416b7fdbc15ffb388779be95e727ad2511c34b051b8379522093414f78
  languageName: node
  linkType: hard

"@algolia/requester-common@npm:4.8.6":
  version: 4.8.6
  resolution: "@algolia/requester-common@npm:4.8.6"
  checksum: e8976f2b233b36c4322a5d40cfc66bd7a3a81d4edfb61e9ea170d6f99885176719e1c37bf5fe4696352c915b699148b9241d859d0ceeb8bcacd48eed8fad336e
  languageName: node
  linkType: hard

"@algolia/requester-node-http@npm:4.8.6":
  version: 4.8.6
  resolution: "@algolia/requester-node-http@npm:4.8.6"
  dependencies:
    "@algolia/requester-common": 4.8.6
  checksum: 933432dc5cd82c13111a92f81cfdf1ded4d51ea71101d7e403eb6d929d712925158b1e17352352e78430dc335be89994937ff9ae46c27df899d70838e11592ac
  languageName: node
  linkType: hard

"@algolia/transporter@npm:4.8.6":
  version: 4.8.6
  resolution: "@algolia/transporter@npm:4.8.6"
  dependencies:
    "@algolia/cache-common": 4.8.6
    "@algolia/logger-common": 4.8.6
    "@algolia/requester-common": 4.8.6
  checksum: 16f34092fdf373e0541c5159c1f828be62570b38ce2ed0043cbbf8c97e3f8ff65296537c6ff20ced7429af3c80eb33aec428bcc48f960d9e22f7c83359f40c8e
  languageName: node
  linkType: hard

"@sindresorhus/tsconfig@npm:^1.0.1":
  version: 1.0.1
  resolution: "@sindresorhus/tsconfig@npm:1.0.1"
  checksum: fa694f39cf5e8f8f752ee531f8c9394cb4b79b12fc55dec24914c8cc8eef681712d5524b79902de747d4ba23f9a123e1809779d859f3f550a8e5db53000e9a90
  languageName: node
  linkType: hard

"@types/node@npm:*":
  version: 14.0.23
  resolution: "@types/node@npm:14.0.23"
  checksum: 35415a294f536c2b14d29ec02a733af23405f4e7e87dace5b4392a69358aae7a14d28805a528b6e9a5f55cfbd9e035bd817e4db0325945fe0332db40ecabdf84
  languageName: node
  linkType: hard

"@types/node@npm:^14.14.37":
  version: 14.14.37
  resolution: "@types/node@npm:14.14.37"
  checksum: 5e2d9baf7594ebacaf016716515f30de0765169412787f981481c2fb8b468923149bb9e2e3219ee672399811672ceddc339a7372a61cf15bc656836a5494d991
  languageName: node
  linkType: hard

"@vercel/node@npm:^1.9.1":
  version: 1.9.1
  resolution: "@vercel/node@npm:1.9.1"
  dependencies:
    "@types/node": "*"
    ts-node: 8.9.1
    typescript: 3.9.3
  checksum: 4daae2b5ee95ba083372b2f1f40e49c55d267b2b0b1cf0b86a16f218728cc50b1b0554e7747d951bbf220b4a47d606c9ccc4e9d5a007ceb61346eada5ef4f85c
  languageName: node
  linkType: hard

"abort-controller@npm:^3.0.0":
  version: 3.0.0
  resolution: "abort-controller@npm:3.0.0"
  dependencies:
    event-target-shim: ^5.0.0
  checksum: cc53ad8df9a6de3f55d4f804fca5106908f855e47b572fb5ab3cdd723b76374686dcefa557a2f87d4396db77e31bc0e6ce9d48637388cef6d884c29ad2691448
  languageName: node
  linkType: hard

"algoliasearch@npm:^4.8.6":
  version: 4.8.6
  resolution: "algoliasearch@npm:4.8.6"
  dependencies:
    "@algolia/cache-browser-local-storage": 4.8.6
    "@algolia/cache-common": 4.8.6
    "@algolia/cache-in-memory": 4.8.6
    "@algolia/client-account": 4.8.6
    "@algolia/client-analytics": 4.8.6
    "@algolia/client-common": 4.8.6
    "@algolia/client-recommendation": 4.8.6
    "@algolia/client-search": 4.8.6
    "@algolia/logger-common": 4.8.6
    "@algolia/logger-console": 4.8.6
    "@algolia/requester-browser-xhr": 4.8.6
    "@algolia/requester-common": 4.8.6
    "@algolia/requester-node-http": 4.8.6
    "@algolia/transporter": 4.8.6
  checksum: e638263b7bd24f43addc341ffa530fa97bb418574a936daf4493a4bd66a830cfdf8ceae651fed5b41ced26a3ba4ce320f5473646dfc7027f3dd6b334fae8db76
  languageName: node
  linkType: hard

"arg@npm:^4.1.0":
  version: 4.1.3
  resolution: "arg@npm:4.1.3"
  checksum: 81b3b40b1529c4fbf75b12f7c3e6fb2dcce9e78072063babc169de9b4f40777788f3d2b04380f659ef676a756e03ccfbfe78adf4477353bda906295fa69dab89
  languageName: node
  linkType: hard

"buffer-alloc-unsafe@npm:^1.1.0":
  version: 1.1.0
  resolution: "buffer-alloc-unsafe@npm:1.1.0"
  checksum: f5ab30acb1270dbec68283464d757eb1bf694557a06f27d542344bd1474e4bb202db35be1e04c804e28880eb2092dacbe39870204bc14934377f74925a4aac5c
  languageName: node
  linkType: hard

"buffer-alloc@npm:^1.2.0":
  version: 1.2.0
  resolution: "buffer-alloc@npm:1.2.0"
  dependencies:
    buffer-alloc-unsafe: ^1.1.0
    buffer-fill: ^1.0.0
  checksum: 0a66de89687b503644bd1a5996ac3492f8f6a154f352baae72b410db1c1a12f6ccfb9e088d838cca8648e64049140ae4ffca6a54620dec8a3aba7d114d7697db
  languageName: node
  linkType: hard

"buffer-fill@npm:^1.0.0":
  version: 1.0.0
  resolution: "buffer-fill@npm:1.0.0"
  checksum: 099a16038eaa2586c12b902e68e300f2e0d581c8bfdbe5c8937757ea20c375167e0dfe1891585b99ae1b4385d7ed18b4f2d4b3f85120252778fe45489ee519f1
  languageName: node
  linkType: hard

"buffer-from@npm:^1.0.0":
  version: 1.1.1
  resolution: "buffer-from@npm:1.1.1"
  checksum: 540ceb79c4f5bfcadaabbc18324fa84c50dc52905084be7c03596a339cf5a88513bee6831ce9b36ddd046fab09257a7c80686e129d0559a0cfd141da196ad956
  languageName: node
  linkType: hard

"create-require@npm:^1.1.0":
  version: 1.1.1
  resolution: "create-require@npm:1.1.1"
  checksum: babd307893abfb26d77ae11cb9d6b6cfa6d18c9cee435cf70b5a3fb44aa8d90c9ec26ea89cbb16e0a94b8d34f5fcaee164b90ed526cdd3158955673ab9652d01
  languageName: node
  linkType: hard

"debug@npm:^4.3.1":
  version: 4.3.2
  resolution: "debug@npm:4.3.2"
  dependencies:
    ms: 2.1.2
  peerDependenciesMeta:
    supports-color:
      optional: true
  checksum: 5543570879e2274f6725d4285a034d6e0822d35faefc6f55965933fb440e8c21eb3a0bef934e66f4b6b491f898ee2de37cab980e9d4fd61372136c19d3ce4527
  languageName: node
  linkType: hard

"diff@npm:^4.0.1":
  version: 4.0.2
  resolution: "diff@npm:4.0.2"
  checksum: 81b5cd7ddde6f0ba2a532d434cfdca365aedd6cc62bb133e851e66e071d40382a30924a07c1034bd3d5a2e332146f64514b73c06fe2ebc0490a67f0c98da79fb
  languageName: node
  linkType: hard

"event-target-shim@npm:^5.0.0":
  version: 5.0.1
  resolution: "event-target-shim@npm:5.0.1"
  checksum: d176477a31adf328ff50148886e46cef3f61ff8bdc1d6db161f6b3ead2501085d5652a81fab8dddc59aed93727231c0b5c8a0948de77ae401b2d977a3d18329e
  languageName: node
  linkType: hard

"make-error@npm:^1.1.1":
  version: 1.3.6
  resolution: "make-error@npm:1.3.6"
  checksum: 2c780bab8409b865e8ee86697c599a2bf2765ec64d21eb67ccda27050e039f983feacad05a0d43aba3c966ea03d305d2612e94fec45474bcbc61181f57c5bb88
  languageName: node
  linkType: hard

"minimist@npm:^1.2.5":
  version: 1.2.5
  resolution: "minimist@npm:1.2.5"
  checksum: b77b8590147a4e217ff34266236bc39de23b52e6e33054076991ff674c7397a1380a7bde11111916f16f003a94aaa7e4f3d92595a32189644ff607fabc65a5b6
  languageName: node
  linkType: hard

"module-alias@npm:^2.2.2":
  version: 2.2.2
  resolution: "module-alias@npm:2.2.2"
  checksum: 1b37943df4fbe56799688eb3496f5113f7f1e18ff7a53bd3543e93fd4ee6c4b04e1548fc0cb49ae73e086b18ee712ab3321f6d7f5444cf413c638914decb8918
  languageName: node
  linkType: hard

"ms@npm:2.1.2":
  version: 2.1.2
  resolution: "ms@npm:2.1.2"
  checksum: 9b65fb709bc30c0c07289dcbdb61ca032acbb9ea5698b55fa62e2cebb04c5953f1876a1f3f7f4bc2e91d4bf4d86003f3e207c3bc6ee2f716f99827e62389cd0e
  languageName: node
  linkType: hard

"node-fetch@npm:^2.6.1":
  version: 2.6.1
  resolution: "node-fetch@npm:2.6.1"
  checksum: cbb171635e538162b977eac5dfe7a1e07a9a02e991924377a6435502291e2f823d306b95aabc455caebf4a118ccf836868462bc70ccc3095af02bb9da61fda37
  languageName: node
  linkType: hard

"outdent@npm:^0.8.0":
  version: 0.8.0
  resolution: "outdent@npm:0.8.0"
  checksum: 5f48c7b6a2ef8cbedf1c15d8b09d4ab14a6a9414d5616f2790c5034a1b1684e42b087033188a0657f8e04b45a1a3dc5545627cf84c479864573665ecb5761152
  languageName: node
  linkType: hard

"p-timeout@npm:^4.1.0":
  version: 4.1.0
  resolution: "p-timeout@npm:4.1.0"
  checksum: 75363ceaadfd11bf3bd304bbfa6a0244f947f901b6c123533094cd177c1a11615be16dae025e390f4d4e11eac38638d2ca84c191d7a28f6f9ba9399add686f68
  languageName: node
  linkType: hard

"qvdocsearch-bot@workspace:.":
  version: 0.0.0-use.local
  resolution: "qvdocsearch-bot@workspace:."
  dependencies:
    "@sindresorhus/tsconfig": ^1.0.1
    "@types/node": ^14.14.37
    "@vercel/node": ^1.9.1
    algoliasearch: ^4.8.6
    outdent: ^0.8.0
    telegraf: ^4.3.0
    ts-node: ^9.1.1
    typescript: ^4.2.3
  languageName: unknown
  linkType: soft

"safe-compare@npm:^1.1.4":
  version: 1.1.4
  resolution: "safe-compare@npm:1.1.4"
  dependencies:
    buffer-alloc: ^1.2.0
  checksum: 6f01c394a0e46eb0bda80bf27371489a0731bebe62d81665ff44192d44e1706a53fd3879f5fa1f7573de9d2a6b4b6e06257ebf8dd08ca944011201bbdb23c4ea
  languageName: node
  linkType: hard

"sandwich-stream@npm:^2.0.2":
  version: 2.0.2
  resolution: "sandwich-stream@npm:2.0.2"
  checksum: f88483282e71e6d887119d8726fdaee56914fcab9df99d4777de650188fb823df314237eb6d2938b3e93d04054a047e2f774c8667014e8f4582b086d0c060ce9
  languageName: node
  linkType: hard

"source-map-support@npm:^0.5.17":
  version: 0.5.19
  resolution: "source-map-support@npm:0.5.19"
  dependencies:
    buffer-from: ^1.0.0
    source-map: ^0.6.0
  checksum: 59d4efaae97755155b078413ecba63517e3ef054cc7ab767bbd30e6f3054be2ae8e8f5cce7eef53b7eb93e98fe27a58dd8f5e7abfb13144ba420ddaf5267bbb2
  languageName: node
  linkType: hard

"source-map@npm:^0.6.0":
  version: 0.6.1
  resolution: "source-map@npm:0.6.1"
  checksum: 8647829a0611724114022be455ca1c8a2c8ae61df81c5b3667d9b398207226a1e21174fb7bbf0b4dbeb27ac358222afb5a14f1c74a62a62b8883b012e5eb1270
  languageName: node
  linkType: hard

"telegraf@npm:^4.3.0":
  version: 4.3.0
  resolution: "telegraf@npm:4.3.0"
  dependencies:
    abort-controller: ^3.0.0
    debug: ^4.3.1
    minimist: ^1.2.5
    module-alias: ^2.2.2
    node-fetch: ^2.6.1
    p-timeout: ^4.1.0
    safe-compare: ^1.1.4
    sandwich-stream: ^2.0.2
    typegram: ^3.2.0
  bin:
    telegraf: bin/telegraf
  checksum: e3ff06b15540ef425659315eb388d1794faed06791896994f5328db0c61a4d8229db076287d90afc6892601d13cdc3cd741a72565dcfde331f3e2d7dba26fbe1
  languageName: node
  linkType: hard

"ts-node@npm:8.9.1":
  version: 8.9.1
  resolution: "ts-node@npm:8.9.1"
  dependencies:
    arg: ^4.1.0
    diff: ^4.0.1
    make-error: ^1.1.1
    source-map-support: ^0.5.17
    yn: 3.1.1
  peerDependencies:
    typescript: ">=2.7"
  bin:
    ts-node: dist/bin.js
    ts-node-script: dist/bin-script.js
    ts-node-transpile-only: dist/bin-transpile.js
    ts-script: dist/bin-script-deprecated.js
  checksum: 8b365cd64448b6a7904f910d5d23d25ffc5a89a7dad9cfae9cf6c6cda464b08ecf10601aadc6db04155deecd9b64546745c614c3d4180d1d19ad85fdfb5f14d3
  languageName: node
  linkType: hard

"ts-node@npm:^9.1.1":
  version: 9.1.1
  resolution: "ts-node@npm:9.1.1"
  dependencies:
    arg: ^4.1.0
    create-require: ^1.1.0
    diff: ^4.0.1
    make-error: ^1.1.1
    source-map-support: ^0.5.17
    yn: 3.1.1
  peerDependencies:
    typescript: ">=2.7"
  bin:
    ts-node: dist/bin.js
    ts-node-script: dist/bin-script.js
    ts-node-transpile-only: dist/bin-transpile.js
    ts-script: dist/bin-script-deprecated.js
  checksum: a90db4a342872cd0e7a80babdfcb15d2f7c06e700d735003098f7cc79db575c3380580c58a19ae0d0eaab553af083651d4237060c92170e6f8ac4e64693113ea
  languageName: node
  linkType: hard

"typegram@npm:^3.2.0":
  version: 3.2.3
  resolution: "typegram@npm:3.2.3"
  checksum: 890430ac79bd60c4a61689c358bc4565e8afa3755d5c33198d86a9d57156128ae2e286b159bcdf96e3f817ce278a601d490d78efff7d40dc1e6932a19998bf40
  languageName: node
  linkType: hard

typescript@3.9.3:
  version: 3.9.3
  resolution: "typescript@npm:3.9.3"
  bin:
    tsc: bin/tsc
    tsserver: bin/tsserver
  checksum: f05e6f1c50c635bd7afc95fbc9eb704042b5bec9a77b9c86ddc0c56650c928617d608b9ec9aa468d7b4cf14ac1ea5f540c540c725005a179b54a86665abd9a55
  languageName: node
  linkType: hard

typescript@^4.2.3:
  version: 4.2.3
  resolution: "typescript@npm:4.2.3"
  bin:
    tsc: bin/tsc
    tsserver: bin/tsserver
  checksum: 06e8470f317db6f5e2fce809b20eb84a67a7d8179057abff36e5427bd1b891bd08e54581ff81f0fa36aef9b6d1eb0f54eaf6e2643c6dbd4e37a0adcc41eed256
  languageName: node
  linkType: hard

"typescript@patch:typescript@3.9.3#builtin<compat/typescript>":
  version: 3.9.3
  resolution: "typescript@patch:typescript@npm%3A3.9.3#builtin<compat/typescript>::version=3.9.3&hash=a45b0e"
  bin:
    tsc: bin/tsc
    tsserver: bin/tsserver
  checksum: 54b2889e3dce3cdb00e652c207e0d85b4cecd902dae3c999c2f860634ec87029426121b9a7c2b83d89466eff42dc26b2a3cda033fa67b1723d6e00a0dc54ea4c
  languageName: node
  linkType: hard

"typescript@patch:typescript@^4.2.3#builtin<compat/typescript>":
  version: 4.2.3
  resolution: "typescript@patch:typescript@npm%3A4.2.3#builtin<compat/typescript>::version=4.2.3&hash=a45b0e"
  bin:
    tsc: bin/tsc
    tsserver: bin/tsserver
  checksum: a8956044aabf730699bcc3c2475efdd3f35e509329325cf60b4989761d4c2188e2c474183e2cf92b8c201fcf976814a5a16f144508b2a832643c4f972d0ab803
  languageName: node
  linkType: hard

"yn@npm:3.1.1":
  version: 3.1.1
  resolution: "yn@npm:3.1.1"
  checksum: bff63b80568d80c711670935427494dde47cdf97e8b04196b140ce0af519c81c5ee857eddad0caa8b422dd65aea0157bbfaacbb1546bebba623f0f383d5d9ae5
  languageName: node
  linkType: hard
