# THIS IS AN AUTOGENERATED FILE. DO NOT EDIT THIS FILE DIRECTLY.
# yarn lockfile v1


"@algolia/cache-browser-local-storage@4.4.0":
  version "4.4.0"
  resolved "https://registry.yarnpkg.com/@algolia/cache-browser-local-storage/-/cache-browser-local-storage-4.4.0.tgz#f58055bdf798d7b31b6d5f86e465cb0fc7dd6694"
  integrity sha512-2AiKgN7DpFypkRCRkpqH7waXXyFdcnsPWzmN8sLHrB/FfXqgmsQb3pGft+9YHZIDQ0vAnfgMxSGgMhMGW+0Qnw==
  dependencies:
    "@algolia/cache-common" "4.4.0"

"@algolia/cache-common@4.4.0":
  version "4.4.0"
  resolved "https://registry.yarnpkg.com/@algolia/cache-common/-/cache-common-4.4.0.tgz#bfe84790230f5d2de495238b29e9397c5ed2b26e"
  integrity sha512-PrIgoMnXaDWUfwOekahro543pgcJfgRu/nd/ZQS5ffem3+Ow725eZY6HDpPaQ1k3cvLii9JH6V2sNJConjqUKA==

"@algolia/cache-in-memory@4.4.0":
  version "4.4.0"
  resolved "https://registry.yarnpkg.com/@algolia/cache-in-memory/-/cache-in-memory-4.4.0.tgz#54a089094c2afa5b9cacab4b60a5f1ba29013a7c"
  integrity sha512-9+XlUB0baDU/Dp9URRHPp6Q37YmTO0QmgPWt9+n+wqZrRL0jR3Jezr4jCT7RemqGMxBiR+YpnqaUv0orpb0ptw==
  dependencies:
    "@algolia/cache-common" "4.4.0"

"@algolia/client-account@4.4.0":
  version "4.4.0"
  resolved "https://registry.yarnpkg.com/@algolia/client-account/-/client-account-4.4.0.tgz#7dbeff83e1c85d853b3ad224674a924e02b94d1b"
  integrity sha512-Kynu3cMEs0clTLf674rtrCF+FWR/JwlQxKlIWsPzvLBRmNXdvYej9YBcNaOr4OTQFCCZn9JVE8ib91Z7J4IL1Q==
  dependencies:
    "@algolia/client-common" "4.4.0"
    "@algolia/client-search" "4.4.0"
    "@algolia/transporter" "4.4.0"

"@algolia/client-analytics@4.4.0":
  version "4.4.0"
  resolved "https://registry.yarnpkg.com/@algolia/client-analytics/-/client-analytics-4.4.0.tgz#50dde68b067c615fc91434c98db9b5ca429be33d"
  integrity sha512-GQyjQimKAc9sZbafxln9Wk7j4pEYiORv28MZkZ+0Bjt7WNXIeO7OgOOECVpQHm9buyV6hCKpNtJcbb5/syRzdQ==
  dependencies:
    "@algolia/client-common" "4.4.0"
    "@algolia/client-search" "4.4.0"
    "@algolia/requester-common" "4.4.0"
    "@algolia/transporter" "4.4.0"

"@algolia/client-common@4.4.0":
  version "4.4.0"
  resolved "https://registry.yarnpkg.com/@algolia/client-common/-/client-common-4.4.0.tgz#b9fa987bc7a148f9756da59ada51fe2494a4aa9a"
  integrity sha512-a3yr6UhzjWPHDG/8iGp9UvrDOm1aeHVWJIf0Nj/cIvqX5tNCEIo4IMe59ovApkDgLOIpt/cLsyhn9/FiPXRhJA==
  dependencies:
    "@algolia/requester-common" "4.4.0"
    "@algolia/transporter" "4.4.0"

"@algolia/client-recommendation@4.4.0":
  version "4.4.0"
  resolved "https://registry.yarnpkg.com/@algolia/client-recommendation/-/client-recommendation-4.4.0.tgz#82410f7a346ed8518b8dcd28bc47571e850ab74f"
  integrity sha512-sBszbQH46rko6w2fdEG77ma8+fAg0SDkLZGxWhv4trgcnYGUBFl2dcpEPt/6koto9b4XYlf+eh+qi6iGvYqRPg==
  dependencies:
    "@algolia/client-common" "4.4.0"
    "@algolia/requester-common" "4.4.0"
    "@algolia/transporter" "4.4.0"

"@algolia/client-search@4.4.0":
  version "4.4.0"
  resolved "https://registry.yarnpkg.com/@algolia/client-search/-/client-search-4.4.0.tgz#c1e107206f3ae719cd3a9877889eea5e5cbcdc62"
  integrity sha512-jqWcxCUyPPHnHreoMb2PnN9iHTP+V/nL62R84XuTRDE3VgTnhm4ZnqyuRdzZQqaz+gNy5znav64TmQ9FN9WW5g==
  dependencies:
    "@algolia/client-common" "4.4.0"
    "@algolia/requester-common" "4.4.0"
    "@algolia/transporter" "4.4.0"

"@algolia/logger-common@4.4.0":
  version "4.4.0"
  resolved "https://registry.yarnpkg.com/@algolia/logger-common/-/logger-common-4.4.0.tgz#8115d95d5f6227f0127d33130a9c4622cde64f6f"
  integrity sha512-2vjmSENLaKNuF+ytRDysfWxxgFG95WXCHwHbueThdPMCK3hskkwqJ0Y/pugKfzl+54mZxegb4BYfgcCeuaHVUw==

"@algolia/logger-console@4.4.0":
  version "4.4.0"
  resolved "https://registry.yarnpkg.com/@algolia/logger-console/-/logger-console-4.4.0.tgz#1e0eaaf0879f152f9a1fa333c4cd8cb55e071552"
  integrity sha512-st/GUWyKvr6YM72OOfF+RmpdVGda3BPXbQ+chpntUq1WyVkyZXGjSmH1IcBVlua27GzxabwOUYON39cF3x10/g==
  dependencies:
    "@algolia/logger-common" "4.4.0"

"@algolia/requester-browser-xhr@4.4.0":
  version "4.4.0"
  resolved "https://registry.yarnpkg.com/@algolia/requester-browser-xhr/-/requester-browser-xhr-4.4.0.tgz#f5877397ed92d2d64d08846ea969aeb559a5efb6"
  integrity sha512-V3a4hXlNch355GnWaT1f5QfXhROpsjT6sd0Znq29gAhwLqfBExhLW6Khdkv5pENC0Qy7ClVhdXFrBL9QCQer1g==
  dependencies:
    "@algolia/requester-common" "4.4.0"

"@algolia/requester-common@4.4.0":
  version "4.4.0"
  resolved "https://registry.yarnpkg.com/@algolia/requester-common/-/requester-common-4.4.0.tgz#0e977939aae32ff81a6d27480a71771a65db6051"
  integrity sha512-jPinHlFJEFokxQ5b3JWyjQKKn+FMy0hH99PApzOgQAYOSiFRXiPEZp6LeIexDeLLu7Y3eRt/3nHvjPKa6PmRRw==

"@algolia/requester-node-http@4.4.0":
  version "4.4.0"
  resolved "https://registry.yarnpkg.com/@algolia/requester-node-http/-/requester-node-http-4.4.0.tgz#6ffba93d54eeadf64cb1be67fae5c4e3f7c8f390"
  integrity sha512-b7HC9C/GHxiV4+0GpCRTtjscvwarPr3dGm4CAhb6AkNjgjRcFUNr1NfsF75w3WVmzmt79/7QZihddztDdVMGjw==
  dependencies:
    "@algolia/requester-common" "4.4.0"

"@algolia/transporter@4.4.0":
  version "4.4.0"
  resolved "https://registry.yarnpkg.com/@algolia/transporter/-/transporter-4.4.0.tgz#6ec79aac43bc515c8e4f6d6e27dc8d8cd7112f7e"
  integrity sha512-Xxzq91DEEeKIzT3DU46n4LEyTGAKZNtSHc2H9wvIY5MYwhZwEribmXXZ6k8W1FvBvzggv3juu0SP+xwGoR7F0w==
  dependencies:
    "@algolia/cache-common" "4.4.0"
    "@algolia/logger-common" "4.4.0"
    "@algolia/requester-common" "4.4.0"

"@sindresorhus/tsconfig@^0.7.0":
  version "0.7.0"
  resolved "https://registry.yarnpkg.com/@sindresorhus/tsconfig/-/tsconfig-0.7.0.tgz#8388e864b5e6d72547175ed98152b736df39b20a"
  integrity sha512-on7+0FFpUH7+g5iLFkmk0oruqzE6uUnpKK0D6HM637aIvQ/mlXz33VlamsS4TSU6pifWSNIrUxrNKjAReU2Juw==

"@types/node@*", "@types/node@^14.0.23":
  version "14.0.23"
  resolved "https://registry.yarnpkg.com/@types/node/-/node-14.0.23.tgz#676fa0883450ed9da0bb24156213636290892806"
  integrity sha512-Z4U8yDAl5TFkmYsZdFPdjeMa57NOvnaf1tljHzhouaPEp7LCj2JKkejpI1ODviIAQuW4CcQmxkQ77rnLsOOoKw==

"@vercel/node@^1.7.2":
  version "1.7.2"
  resolved "https://registry.yarnpkg.com/@vercel/node/-/node-1.7.2.tgz#85cb8aac661c02dfef6fe752740f5b162e90767b"
  integrity sha512-XV5lrLC+K/cxsaFj8H2OoGu1zliOqnxcrOnPInI8HmQjR/Tztt+0nzgpt+7sx8wXcrib0Nu7lK303jP7VjSETw==
  dependencies:
    "@types/node" "*"
    ts-node "8.9.1"
    typescript "3.9.3"

algoliasearch@^4.4.0:
  version "4.4.0"
  resolved "https://registry.yarnpkg.com/algoliasearch/-/algoliasearch-4.4.0.tgz#25c356d8bdcf7e3f941633f61e1ac111ddcba404"
  integrity sha512-Ag3wxe/nSodNl/1KbHibtkh7TNLptKE300/wnGVtszRjXivaWD6333nUpCumrYObHym/fHMHyLcmQYezXbAIWQ==
  dependencies:
    "@algolia/cache-browser-local-storage" "4.4.0"
    "@algolia/cache-common" "4.4.0"
    "@algolia/cache-in-memory" "4.4.0"
    "@algolia/client-account" "4.4.0"
    "@algolia/client-analytics" "4.4.0"
    "@algolia/client-common" "4.4.0"
    "@algolia/client-recommendation" "4.4.0"
    "@algolia/client-search" "4.4.0"
    "@algolia/logger-common" "4.4.0"
    "@algolia/logger-console" "4.4.0"
    "@algolia/requester-browser-xhr" "4.4.0"
    "@algolia/requester-common" "4.4.0"
    "@algolia/requester-node-http" "4.4.0"
    "@algolia/transporter" "4.4.0"

arg@^4.1.0:
  version "4.1.3"
  resolved "https://registry.yarnpkg.com/arg/-/arg-4.1.3.tgz#269fc7ad5b8e42cb63c896d5666017261c144089"
  integrity sha512-58S9QDqG0Xx27YwPSt9fJxivjYl432YCwfDMfZ+71RAqUrZef7LrKQZ3LHLOwCS4FLNBplP533Zx895SeOCHvA==

buffer-from@^1.0.0:
  version "1.1.1"
  resolved "https://registry.yarnpkg.com/buffer-from/-/buffer-from-1.1.1.tgz#32713bc028f75c02fdb710d7c7bcec1f2c6070ef"
  integrity sha512-MQcXEUbCKtEo7bhqEs6560Hyd4XaovZlO/k9V3hjVUF/zwW7KBVdSK4gIt/bzwS9MbR5qob+F5jusZsb0YQK2A==

debug@^4.0.1:
  version "4.1.1"
  resolved "https://registry.yarnpkg.com/debug/-/debug-4.1.1.tgz#3b72260255109c6b589cee050f1d516139664791"
  integrity sha512-pYAIzeRo8J6KPEaJ0VWOh5Pzkbw/RetuzehGM7QRRX5he4fPHx2rdKMB256ehJCkX+XRQm16eZLqLNS8RSZXZw==
  dependencies:
    ms "^2.1.1"

diff@^4.0.1:
  version "4.0.2"
  resolved "https://registry.yarnpkg.com/diff/-/diff-4.0.2.tgz#60f3aecb89d5fae520c11aa19efc2bb982aade7d"
  integrity sha512-58lmxKSA4BNyLz+HHMUzlOEpg09FV+ev6ZMe3vJihgdxzgcwZ8VoEEPmALCZG9LmqfVoNMMKpttIYTVG6uDY7A==

make-error@^1.1.1:
  version "1.3.6"
  resolved "https://registry.yarnpkg.com/make-error/-/make-error-1.3.6.tgz#2eb2e37ea9b67c4891f684a1394799af484cf7a2"
  integrity sha512-s8UhlNe7vPKomQhC1qFelMokr/Sc3AgNbso3n74mVPA5LTZwkB9NlXf4XPamLxJE8h0gh73rM94xvwRT2CVInw==

minimist@^1.2.0:
  version "1.2.5"
  resolved "https://registry.yarnpkg.com/minimist/-/minimist-1.2.5.tgz#67d66014b66a6a8aaa0c083c5fd58df4e4e97602"
  integrity sha512-FM9nNUYrRBAELZQT3xeZQ7fmMOBg6nWNmJKTcgsJeaLstP/UODVpGsr5OhXhhXg6f+qtJ8uiZ+PUxkDWcgIXLw==

module-alias@^2.2.2:
  version "2.2.2"
  resolved "https://registry.yarnpkg.com/module-alias/-/module-alias-2.2.2.tgz#151cdcecc24e25739ff0aa6e51e1c5716974c0e0"
  integrity sha512-A/78XjoX2EmNvppVWEhM2oGk3x4lLxnkEA4jTbaK97QKSDjkIoOsKQlfylt/d3kKKi596Qy3NP5XrXJ6fZIC9Q==

ms@^2.1.1:
  version "2.1.1"
  resolved "https://registry.yarnpkg.com/ms/-/ms-2.1.1.tgz#30a5864eb3ebb0a66f2ebe6d727af06a09d86e0a"
  integrity sha512-tgp+dl5cGk28utYktBsrFqA7HKgrhgPsg6Z/EfhWI4gl1Hwq8B/GmY/0oXZ6nF8hDVesS/FpnYaD/kOWhYQvyg==

node-fetch@^2.2.0:
  version "2.6.0"
  resolved "https://registry.yarnpkg.com/node-fetch/-/node-fetch-2.6.0.tgz#e633456386d4aa55863f676a7ab0daa8fdecb0fd"
  integrity sha512-8dG4H5ujfvFiqDmVu9fQ5bOHUC15JMjMY/Zumv26oOvvVJjM67KF8koCWIabKQ1GJIa9r2mMZscBq/TbdOcmNA==

outdent@^0.7.1:
  version "0.7.1"
  resolved "https://registry.yarnpkg.com/outdent/-/outdent-0.7.1.tgz#e9b400443622a97760b0bc74fa3223252ccd02a2"
  integrity sha512-VjIzdUHunL74DdhcwMDt5FhNDQ8NYmTkuW0B+usIV2afS9aWT/1c9z1TsnFW349TP3nxmYeUl7Z++XpJRByvgg==

sandwich-stream@^2.0.1:
  version "2.0.2"
  resolved "https://registry.yarnpkg.com/sandwich-stream/-/sandwich-stream-2.0.2.tgz#6d1feb6cf7e9fe9fadb41513459a72c2e84000fa"
  integrity sha512-jLYV0DORrzY3xaz/S9ydJL6Iz7essZeAfnAavsJ+zsJGZ1MOnsS52yRjU3uF3pJa/lla7+wisp//fxOwOH8SKQ==

source-map-support@^0.5.17:
  version "0.5.19"
  resolved "https://registry.yarnpkg.com/source-map-support/-/source-map-support-0.5.19.tgz#a98b62f86dcaf4f67399648c085291ab9e8fed61"
  integrity sha512-Wonm7zOCIJzBGQdB+thsPar0kYuCIzYvxZwlBa87yi/Mdjv7Tip2cyVbLj5o0cFPN4EVkuTwb3GDDyUx2DGnGw==
  dependencies:
    buffer-from "^1.0.0"
    source-map "^0.6.0"

source-map@^0.6.0:
  version "0.6.1"
  resolved "https://registry.yarnpkg.com/source-map/-/source-map-0.6.1.tgz#74722af32e9614e9c287a8d0bbde48b5e2f1a263"
  integrity sha512-UjgapumWlbMhkBgzT7Ykc5YXUT46F0iKu8SGXq0bcwP5dz/h0Plj6enJqjz1Zbq2l5WaqYnrVbwWOWMyF3F47g==

telegraf@^3.38.0:
  version "3.38.0"
  resolved "https://registry.yarnpkg.com/telegraf/-/telegraf-3.38.0.tgz#745b447547a8e6cdb626055e4d616058aaae0759"
  integrity sha512-va4VlrKWp64JrowFoZX/NPzzA6q38kvaIukVXOWFO1V+jR1G8+hCfgJy4TX8Z3rwLJzwaBEet1QhikHDRZWl3A==
  dependencies:
    debug "^4.0.1"
    minimist "^1.2.0"
    module-alias "^2.2.2"
    node-fetch "^2.2.0"
    sandwich-stream "^2.0.1"
    telegram-typings "^3.6.0"

telegram-typings@^3.6.0:
  version "3.6.1"
  resolved "https://registry.yarnpkg.com/telegram-typings/-/telegram-typings-3.6.1.tgz#1288d547f8694b61f1c01c2993e295f3114d9e25"
  integrity sha512-njVv1EAhIZnmQVLocZEADYUyqA1WIXuVcDYlsp+mXua/XB0pxx+PKtMSPeZ/EE4wPWTw9h/hA9ASTT6yQelkiw==

ts-node@8.9.1:
  version "8.9.1"
  resolved "https://registry.yarnpkg.com/ts-node/-/ts-node-8.9.1.tgz#2f857f46c47e91dcd28a14e052482eb14cfd65a5"
  integrity sha512-yrq6ODsxEFTLz0R3BX2myf0WBCSQh9A+py8PBo1dCzWIOcvisbyH6akNKqDHMgXePF2kir5mm5JXJTH3OUJYOQ==
  dependencies:
    arg "^4.1.0"
    diff "^4.0.1"
    make-error "^1.1.1"
    source-map-support "^0.5.17"
    yn "3.1.1"

typescript@3.9.3:
  version "3.9.3"
  resolved "https://registry.yarnpkg.com/typescript/-/typescript-3.9.3.tgz#d3ac8883a97c26139e42df5e93eeece33d610b8a"
  integrity sha512-D/wqnB2xzNFIcoBG9FG8cXRDjiqSTbG2wd8DMZeQyJlP1vfTkIxH4GKveWaEBYySKIg+USu+E+EDIR47SqnaMQ==

typescript@^4.0.2:
  version "4.0.2"
  resolved "https://registry.yarnpkg.com/typescript/-/typescript-4.0.2.tgz#7ea7c88777c723c681e33bf7988be5d008d05ac2"
  integrity sha512-e4ERvRV2wb+rRZ/IQeb3jm2VxBsirQLpQhdxplZ2MEzGvDkkMmPglecnNDfSUBivMjP93vRbngYYDQqQ/78bcQ==

yn@3.1.1:
  version "3.1.1"
  resolved "https://registry.yarnpkg.com/yn/-/yn-3.1.1.tgz#1e87401a09d767c1d5eab26a6e4c185182d2eb50"
  integrity sha512-Ux4ygGWsu2c7isFWe8Yu1YluJmqVhxqK2cLXNQA5AcC3QfbGNpM7fu0Y8b/z16pXLnFxZYvWhd3fhBY9DLmC6Q==
