# This file is generated by running "yarn install" inside your project.
# Manual changes might be lost - proceed with caution!

__metadata:
  version: 4
  cacheKey: 7

"@algolia/cache-browser-local-storage@npm:4.4.0":
  version: 4.4.0
  resolution: "@algolia/cache-browser-local-storage@npm:4.4.0"
  dependencies:
    "@algolia/cache-common": 4.4.0
  checksum: 72d1d02ecafa43a8ed8073f900912fd00c4e0a02f706cbecf57b92860e16c10f8566a2591a50706376aa4c4f62754558777091481b9839f2ab3f8353dc17a15a
  languageName: node
  linkType: hard

"@algolia/cache-common@npm:4.4.0":
  version: 4.4.0
  resolution: "@algolia/cache-common@npm:4.4.0"
  checksum: 0308f08187c7ddf818ad3066248cfbce907cc8836379b73761003db67834059802c75ef6db9bbadb069d9cbe2e76ba9bb40302f664a8493559aef2be647a5b9a
  languageName: node
  linkType: hard

"@algolia/cache-in-memory@npm:4.4.0":
  version: 4.4.0
  resolution: "@algolia/cache-in-memory@npm:4.4.0"
  dependencies:
    "@algolia/cache-common": 4.4.0
  checksum: af6a55aca38ce3024052d3d35a2c0e1c62b8a47ac0b342a7903ef510f56d1454b8f63d4ef95b576f232fc5dd5d7b7bea440a2d6ef59fa7c04f1f753949fb9ad4
  languageName: node
  linkType: hard

"@algolia/client-account@npm:4.4.0":
  version: 4.4.0
  resolution: "@algolia/client-account@npm:4.4.0"
  dependencies:
    "@algolia/client-common": 4.4.0
    "@algolia/client-search": 4.4.0
    "@algolia/transporter": 4.4.0
  checksum: 2ccb5c253c16ce8f86f0494339b15fc9572a5b4e917ac1ddbb6a9dd6d885457fe3af657e116fd68bf1e751e00742cffb09f9c3fbaf929e9648b4e731f49a17da
  languageName: node
  linkType: hard

"@algolia/client-analytics@npm:4.4.0":
  version: 4.4.0
  resolution: "@algolia/client-analytics@npm:4.4.0"
  dependencies:
    "@algolia/client-common": 4.4.0
    "@algolia/client-search": 4.4.0
    "@algolia/requester-common": 4.4.0
    "@algolia/transporter": 4.4.0
  checksum: 09c67b805f8f13d803032cc9dafafb0e0f084d5a27732e7251eb19fef2933652087bb903746a3a55dafee64f6dd2773971278971e0e7a829f7c8b07268ae05e1
  languageName: node
  linkType: hard

"@algolia/client-common@npm:4.4.0":
  version: 4.4.0
  resolution: "@algolia/client-common@npm:4.4.0"
  dependencies:
    "@algolia/requester-common": 4.4.0
    "@algolia/transporter": 4.4.0
  checksum: 96a2cb77ee708186c298e89dde6e8b3927a5448f217ab943c83d64ac2c9ccbaf1086965052e0e6922e493b6c0683f92d13e07c9ba200481e376662408306fa38
  languageName: node
  linkType: hard

"@algolia/client-recommendation@npm:4.4.0":
  version: 4.4.0
  resolution: "@algolia/client-recommendation@npm:4.4.0"
  dependencies:
    "@algolia/client-common": 4.4.0
    "@algolia/requester-common": 4.4.0
    "@algolia/transporter": 4.4.0
  checksum: 11d52c9fc92a365563e714170684f55231e5c1fe52bf69942187cd6b9fa77edeb5e2058d24e86c0dbd37639bacadc6a801b95d7c3f1180419db934c01769a928
  languageName: node
  linkType: hard

"@algolia/client-search@npm:4.4.0":
  version: 4.4.0
  resolution: "@algolia/client-search@npm:4.4.0"
  dependencies:
    "@algolia/client-common": 4.4.0
    "@algolia/requester-common": 4.4.0
    "@algolia/transporter": 4.4.0
  checksum: a8986c64ccda417ba7f808c446f33d1a4772cd5d5a242eaa6d8dd744d6eaf0fa539156c7354e4ea910ea92453286a76b327c038d1e6bf428a7df93c99cccbffa
  languageName: node
  linkType: hard

"@algolia/logger-common@npm:4.4.0":
  version: 4.4.0
  resolution: "@algolia/logger-common@npm:4.4.0"
  checksum: d19adc6c73476ac00e4faa7f3733018b28dd18f4a226c39f5377c001596e01301ec5731f99e6decb48c36a6283411f7ef9536af0db5a69b7aca8b04e5f5f0286
  languageName: node
  linkType: hard

"@algolia/logger-console@npm:4.4.0":
  version: 4.4.0
  resolution: "@algolia/logger-console@npm:4.4.0"
  dependencies:
    "@algolia/logger-common": 4.4.0
  checksum: 9399e26e42795cfaee69d5b92d3ada8bc6f8213b574f60b6b07577ebb7cea38ec81069fc47681bb67593a846777d2da18e7dbb2aacabaee89c48cacbfb722e3c
  languageName: node
  linkType: hard

"@algolia/requester-browser-xhr@npm:4.4.0":
  version: 4.4.0
  resolution: "@algolia/requester-browser-xhr@npm:4.4.0"
  dependencies:
    "@algolia/requester-common": 4.4.0
  checksum: 7b69a7f2c7b049afefa3053d24e4eb4cafbe0f7e5e0b62225ae60ebc5492afde7914f271523ec1564d0200a7118f269ae50e2c12bf02b610a736618d1bba6557
  languageName: node
  linkType: hard

"@algolia/requester-common@npm:4.4.0":
  version: 4.4.0
  resolution: "@algolia/requester-common@npm:4.4.0"
  checksum: b4931ee47d1ab86a3471585699bc1ce81fddb2350cc1ec48b9764cbb22784a39940cf03080edf2ea3a30742be4bab631875f2c225c3b7deda78a1e8b76fa5a1e
  languageName: node
  linkType: hard

"@algolia/requester-node-http@npm:4.4.0":
  version: 4.4.0
  resolution: "@algolia/requester-node-http@npm:4.4.0"
  dependencies:
    "@algolia/requester-common": 4.4.0
  checksum: 481e9f050f0847368c3a8ddb3f14555cc5847788e264dd97c37677b992529bc976474dda91c24c87dafeff429b04ee3a181ddbd0c41cfc4006852c8af7bcaa39
  languageName: node
  linkType: hard

"@algolia/transporter@npm:4.4.0":
  version: 4.4.0
  resolution: "@algolia/transporter@npm:4.4.0"
  dependencies:
    "@algolia/cache-common": 4.4.0
    "@algolia/logger-common": 4.4.0
    "@algolia/requester-common": 4.4.0
  checksum: 83d20cc8bb4eb13832cb3c8748d83ab4a1c27dee28a117cd5f1b8ec471d5bf16b4ecb6d4cf5596e2d2b4aa204c08f70011db527d4324fd1524b93b6d3a7acd8c
  languageName: node
  linkType: hard

"@sindresorhus/tsconfig@npm:^0.7.0":
  version: 0.7.0
  resolution: "@sindresorhus/tsconfig@npm:0.7.0"
  checksum: e0092defcf2b240ee7c84684e59f7e9b380d8a4fd47a0361721d2a67d9e816db762cb663ef42900b1925580823f173dcef291a60c148d33440c5fcd49b4f71d4
  languageName: node
  linkType: hard

"@types/node@npm:*, @types/node@npm:^14.0.23":
  version: 14.0.23
  resolution: "@types/node@npm:14.0.23"
  checksum: 35415a294f536c2b14d29ec02a733af23405f4e7e87dace5b4392a69358aae7a14d28805a528b6e9a5f55cfbd9e035bd817e4db0325945fe0332db40ecabdf84
  languageName: node
  linkType: hard

"@vercel/node@npm:^1.7.2":
  version: 1.7.2
  resolution: "@vercel/node@npm:1.7.2"
  dependencies:
    "@types/node": "*"
    ts-node: 8.9.1
    typescript: 3.9.3
  checksum: 9bc3b0e9a269a7053870ecfe5f2a89ee689b69969eede76b62de42a35884239634c04a0f8d9187741ec0cc1be9d4ed2922a73974851b8226d4dd03a8736a74bc
  languageName: node
  linkType: hard

"algoliasearch@npm:^4.4.0":
  version: 4.4.0
  resolution: "algoliasearch@npm:4.4.0"
  dependencies:
    "@algolia/cache-browser-local-storage": 4.4.0
    "@algolia/cache-common": 4.4.0
    "@algolia/cache-in-memory": 4.4.0
    "@algolia/client-account": 4.4.0
    "@algolia/client-analytics": 4.4.0
    "@algolia/client-common": 4.4.0
    "@algolia/client-recommendation": 4.4.0
    "@algolia/client-search": 4.4.0
    "@algolia/logger-common": 4.4.0
    "@algolia/logger-console": 4.4.0
    "@algolia/requester-browser-xhr": 4.4.0
    "@algolia/requester-common": 4.4.0
    "@algolia/requester-node-http": 4.4.0
    "@algolia/transporter": 4.4.0
  checksum: 16dea2fac51070dd9707ec49e628a42fa181a652ee7f1bc7a0874d6bc410001d0ea3b9fb109665eba7a3d053a736920b1ffbfa2f3364e63eacf6f7ca94bf745e
  languageName: node
  linkType: hard

"arg@npm:^4.1.0":
  version: 4.1.3
  resolution: "arg@npm:4.1.3"
  checksum: 81b3b40b1529c4fbf75b12f7c3e6fb2dcce9e78072063babc169de9b4f40777788f3d2b04380f659ef676a756e03ccfbfe78adf4477353bda906295fa69dab89
  languageName: node
  linkType: hard

"buffer-from@npm:^1.0.0":
  version: 1.1.1
  resolution: "buffer-from@npm:1.1.1"
  checksum: 540ceb79c4f5bfcadaabbc18324fa84c50dc52905084be7c03596a339cf5a88513bee6831ce9b36ddd046fab09257a7c80686e129d0559a0cfd141da196ad956
  languageName: node
  linkType: hard

"debug@npm:^4.0.1":
  version: 4.1.1
  resolution: "debug@npm:4.1.1"
  dependencies:
    ms: ^2.1.1
  checksum: 3601a6ce96e4698ed3edf0ee6e67ef0317adfcdae2f66a43b23d1b14e8888b422337429b16dbbcba6801e7bfa6cbb8de3128fbacfb8ae1cd9bd7615ea6baf970
  languageName: node
  linkType: hard

"diff@npm:^4.0.1":
  version: 4.0.2
  resolution: "diff@npm:4.0.2"
  checksum: 81b5cd7ddde6f0ba2a532d434cfdca365aedd6cc62bb133e851e66e071d40382a30924a07c1034bd3d5a2e332146f64514b73c06fe2ebc0490a67f0c98da79fb
  languageName: node
  linkType: hard

"make-error@npm:^1.1.1":
  version: 1.3.6
  resolution: "make-error@npm:1.3.6"
  checksum: 2c780bab8409b865e8ee86697c599a2bf2765ec64d21eb67ccda27050e039f983feacad05a0d43aba3c966ea03d305d2612e94fec45474bcbc61181f57c5bb88
  languageName: node
  linkType: hard

"minimist@npm:^1.2.0":
  version: 1.2.5
  resolution: "minimist@npm:1.2.5"
  checksum: b77b8590147a4e217ff34266236bc39de23b52e6e33054076991ff674c7397a1380a7bde11111916f16f003a94aaa7e4f3d92595a32189644ff607fabc65a5b6
  languageName: node
  linkType: hard

"module-alias@npm:^2.2.2":
  version: 2.2.2
  resolution: "module-alias@npm:2.2.2"
  checksum: 1b37943df4fbe56799688eb3496f5113f7f1e18ff7a53bd3543e93fd4ee6c4b04e1548fc0cb49ae73e086b18ee712ab3321f6d7f5444cf413c638914decb8918
  languageName: node
  linkType: hard

"ms@npm:^2.1.1":
  version: 2.1.1
  resolution: "ms@npm:2.1.1"
  checksum: 81ad38c74df2473ce9fbed8bb71a00220c3d9e237ebd576306c9f6ca3221b251d602c7d199808944be1a3d7cda5883e72c77adb473734ba30f6e032165e05ebc
  languageName: node
  linkType: hard

"node-fetch@npm:^2.2.0":
  version: 2.6.0
  resolution: "node-fetch@npm:2.6.0"
  checksum: dd9f586a9f7ddb7dd94d2aba9cb693d32f5001e9850098512fbc8a4cbdd56838afa08ed0a6725b9fce9b01ec12b713e622cbfc16d92762d8b937b238330a632a
  languageName: node
  linkType: hard

"outdent@npm:^0.7.1":
  version: 0.7.1
  resolution: "outdent@npm:0.7.1"
  checksum: 76fe0bec2f7727d42206477a78965a1a8f5e2e5b6f7c3f7d17d38485972d1b32076f431aa3edd0a691ac5cef6370e27c7b564ce03f17f324bc50f0b48b7f9e7f
  languageName: node
  linkType: hard

"qvdocsearch-bot@workspace:.":
  version: 0.0.0-use.local
  resolution: "qvdocsearch-bot@workspace:."
  dependencies:
    "@sindresorhus/tsconfig": ^0.7.0
    "@types/node": ^14.0.23
    "@vercel/node": ^1.7.2
    algoliasearch: ^4.4.0
    outdent: ^0.7.1
    telegraf: ^3.38.0
    typescript: ^4.0.2
  languageName: unknown
  linkType: soft

"sandwich-stream@npm:^2.0.1":
  version: 2.0.2
  resolution: "sandwich-stream@npm:2.0.2"
  checksum: f88483282e71e6d887119d8726fdaee56914fcab9df99d4777de650188fb823df314237eb6d2938b3e93d04054a047e2f774c8667014e8f4582b086d0c060ce9
  languageName: node
  linkType: hard

"source-map-support@npm:^0.5.17":
  version: 0.5.19
  resolution: "source-map-support@npm:0.5.19"
  dependencies:
    buffer-from: ^1.0.0
    source-map: ^0.6.0
  checksum: 59d4efaae97755155b078413ecba63517e3ef054cc7ab767bbd30e6f3054be2ae8e8f5cce7eef53b7eb93e98fe27a58dd8f5e7abfb13144ba420ddaf5267bbb2
  languageName: node
  linkType: hard

"source-map@npm:^0.6.0":
  version: 0.6.1
  resolution: "source-map@npm:0.6.1"
  checksum: 8647829a0611724114022be455ca1c8a2c8ae61df81c5b3667d9b398207226a1e21174fb7bbf0b4dbeb27ac358222afb5a14f1c74a62a62b8883b012e5eb1270
  languageName: node
  linkType: hard

"telegraf@npm:^3.38.0":
  version: 3.38.0
  resolution: "telegraf@npm:3.38.0"
  dependencies:
    debug: ^4.0.1
    minimist: ^1.2.0
    module-alias: ^2.2.2
    node-fetch: ^2.2.0
    sandwich-stream: ^2.0.1
    telegram-typings: ^3.6.0
  bin:
    telegraf: ./bin/telegraf
  checksum: 468e16ba3124b333363ce6019d64a35c1c75caa777df8b2466e018089bbcd2926888ef87abdf232bdd1c15d14b9e568259fdf1749fdff8cf4a9ed22cae707082
  languageName: node
  linkType: hard

"telegram-typings@npm:^3.6.0":
  version: 3.6.1
  resolution: "telegram-typings@npm:3.6.1"
  checksum: a2aa1190f826e45228a3b08c7d51718abd7c374b8ad0f79f5ebc6bd0fe4e0da7f8e7f1432b52e351df89d31d6d7384a71636c98432b5458b36b8f3fa0ea76721
  languageName: node
  linkType: hard

"ts-node@npm:8.9.1":
  version: 8.9.1
  resolution: "ts-node@npm:8.9.1"
  dependencies:
    arg: ^4.1.0
    diff: ^4.0.1
    make-error: ^1.1.1
    source-map-support: ^0.5.17
    yn: 3.1.1
  peerDependencies:
    typescript: ">=2.7"
  bin:
    ts-node: dist/bin.js
    ts-node-script: dist/bin-script.js
    ts-node-transpile-only: dist/bin-transpile.js
    ts-script: dist/bin-script-deprecated.js
  checksum: 8b365cd64448b6a7904f910d5d23d25ffc5a89a7dad9cfae9cf6c6cda464b08ecf10601aadc6db04155deecd9b64546745c614c3d4180d1d19ad85fdfb5f14d3
  languageName: node
  linkType: hard

typescript@3.9.3:
  version: 3.9.3
  resolution: "typescript@npm:3.9.3"
  bin:
    tsc: bin/tsc
    tsserver: bin/tsserver
  checksum: f05e6f1c50c635bd7afc95fbc9eb704042b5bec9a77b9c86ddc0c56650c928617d608b9ec9aa468d7b4cf14ac1ea5f540c540c725005a179b54a86665abd9a55
  languageName: node
  linkType: hard

typescript@^4.0.2:
  version: 4.0.2
  resolution: "typescript@npm:4.0.2"
  bin:
    tsc: bin/tsc
    tsserver: bin/tsserver
  checksum: cc0e7806eee7997a1b4b2990badacc4a8d089893ed0a377f35c9658e2ac392503cb340d0187203ed82e36e427dda94b0fb7107e44a71cca99efac86be26e16ee
  languageName: node
  linkType: hard

"typescript@patch:typescript@3.9.3#builtin<compat/typescript>":
  version: 3.9.3
  resolution: "typescript@patch:typescript@npm%3A3.9.3#builtin<compat/typescript>::version=3.9.3&hash=a45b0e"
  bin:
    tsc: bin/tsc
    tsserver: bin/tsserver
  checksum: 54b2889e3dce3cdb00e652c207e0d85b4cecd902dae3c999c2f860634ec87029426121b9a7c2b83d89466eff42dc26b2a3cda033fa67b1723d6e00a0dc54ea4c
  languageName: node
  linkType: hard

"typescript@patch:typescript@^4.0.2#builtin<compat/typescript>":
  version: 4.0.2
  resolution: "typescript@patch:typescript@npm%3A4.0.2#builtin<compat/typescript>::version=4.0.2&hash=a45b0e"
  bin:
    tsc: bin/tsc
    tsserver: bin/tsserver
  checksum: 8d06192b7d5075632f1044fde45041d54a4c7d5ac21837b8f8a4bb756316177fe3f29c153d41609063402282acb04427dba4d74a043874acd6e420c7ab349fc2
  languageName: node
  linkType: hard

"yn@npm:3.1.1":
  version: 3.1.1
  resolution: "yn@npm:3.1.1"
  checksum: bff63b80568d80c711670935427494dde47cdf97e8b04196b140ce0af519c81c5ee857eddad0caa8b422dd65aea0157bbfaacbb1546bebba623f0f383d5d9ae5
  languageName: node
  linkType: hard
